
Microsoft Visual Studio Solution File, Format Version 12.00
# Visual Studio Version 16
VisualStudioVersion = 16.0.31229.75
MinimumVisualStudioVersion = 10.0.40219.1
Project("{FAE04EC0-301F-11D3-BF4B-00C04F79EFBC}") = "Homework_06_01", "Homework_06_01.csproj", "{EA795F23-2444-43A7-8FA2-ECEEF874498B}"
EndProject
Project("{FAE04EC0-301F-11D3-BF4B-00C04F79EFBC}") = "HomeWork_06_01(2차원배열)", "..\HomeWork_06_01(2차원배열)\HomeWork_06_01(2차원배열).csproj", "{38C7E0A7-57C4-4FCF-B0C0-A1C26A22C4E2}"
EndProject
Global
	GlobalSection(SolutionConfigurationPlatforms) = preSolution
		Debug|Any CPU = Debug|Any CPU
		Release|Any CPU = Release|Any CPU
	EndGlobalSection
	GlobalSection(ProjectConfigurationPlatforms) = postSolution
		{EA795F23-2444-43A7-8FA2-ECEEF874498B}.Debug|Any CPU.ActiveCfg = Debug|Any CPU
		{EA795F23-2444-43A7-8FA2-ECEEF874498B}.Debug|Any CPU.Build.0 = Debug|Any CPU
		{EA795F23-2444-43A7-8FA2-ECEEF874498B}.Release|Any CPU.ActiveCfg = Release|Any CPU
		{EA795F23-2444-43A7-8FA2-ECEEF874498B}.Release|Any CPU.Build.0 = Release|Any CPU
		{38C7E0A7-57C4-4FCF-B0C0-A1C26A22C4E2}.Debug|Any CPU.ActiveCfg = Debug|Any CPU
		{38C7E0A7-57C4-4FCF-B0C0-A1C26A22C4E2}.Debug|Any CPU.Build.0 = Debug|Any CPU
		{38C7E0A7-57C4-4FCF-B0C0-A1C26A22C4E2}.Release|Any CPU.ActiveCfg = Release|Any CPU
		{38C7E0A7-57C4-4FCF-B0C0-A1C26A22C4E2}.Release|Any CPU.Build.0 = Release|Any CPU
	EndGlobalSection
	GlobalSection(SolutionProperties) = preSolution
		HideSolutionNode = FALSE
	EndGlobalSection
	GlobalSection(ExtensibilityGlobals) = postSolution
		SolutionGuid = {4C43F660-9FF8-44F7-A815-98D1D0F2D029}
	EndGlobalSection
EndGlobal
